
Microsoft Visual Studio Solution File, Format Version 12.00
# Visual Studio Version 17
VisualStudioVersion = 17.2.32802.462
MinimumVisualStudioVersion = 10.0.40219.1
Project("{9A19103F-16F7-4668-BE54-9A1E7A4F7556}") = "SB-Functions", "SB-Functions.csproj", "{B63DE38D-F85D-45D1-A36A-F4535150E066}"
EndProject
Global
	GlobalSection(SolutionConfigurationPlatforms) = preSolution
		Debug|Any CPU = Debug|Any CPU
		Release|Any CPU = Release|Any CPU
	EndGlobalSection
	GlobalSection(ProjectConfigurationPlatforms) = postSolution
		{B63DE38D-F85D-45D1-A36A-F4535150E066}.Debug|Any CPU.ActiveCfg = Debug|Any CPU
		{B63DE38D-F85D-45D1-A36A-F4535150E066}.Debug|Any CPU.Build.0 = Debug|Any CPU
		{B63DE38D-F85D-45D1-A36A-F4535150E066}.Release|Any CPU.ActiveCfg = Release|Any CPU
		{B63DE38D-F85D-45D1-A36A-F4535150E066}.Release|Any CPU.Build.0 = Release|Any CPU
	EndGlobalSection
	GlobalSection(SolutionProperties) = preSolution
		HideSolutionNode = FALSE
	EndGlobalSection
	GlobalSection(ExtensibilityGlobals) = postSolution
		SolutionGuid = {7995903D-BBA1-4E55-AEF5-50E4EF354315}
	EndGlobalSection
EndGlobal
